
Microsoft Visual Studio Solution File, Format Version 12.00
# Visual Studio Version 17
VisualStudioVersion = 17.7.34031.279
MinimumVisualStudioVersion = 10.0.40219.1
Project("{FAE04EC0-301F-11D3-BF4B-00C04F79EFBC}") = "TFLPlanYourJourney", "TFLPlanYourJourney.csproj", "{3AB17C80-796B-4F58-AE93-0D899FF3D67F}"
EndProject
Global
	GlobalSection(SolutionConfigurationPlatforms) = preSolution
		Debug|Any CPU = Debug|Any CPU
		Release|Any CPU = Release|Any CPU
	EndGlobalSection
	GlobalSection(ProjectConfigurationPlatforms) = postSolution
		{3AB17C80-796B-4F58-AE93-0D899FF3D67F}.Debug|Any CPU.ActiveCfg = Debug|Any CPU
		{3AB17C80-796B-4F58-AE93-0D899FF3D67F}.Debug|Any CPU.Build.0 = Debug|Any CPU
		{3AB17C80-796B-4F58-AE93-0D899FF3D67F}.Release|Any CPU.ActiveCfg = Release|Any CPU
		{3AB17C80-796B-4F58-AE93-0D899FF3D67F}.Release|Any CPU.Build.0 = Release|Any CPU
	EndGlobalSection
	GlobalSection(SolutionProperties) = preSolution
		HideSolutionNode = FALSE
	EndGlobalSection
	GlobalSection(ExtensibilityGlobals) = postSolution
		SolutionGuid = {BF7D007B-E66D-4F02-84BB-83AC5E62C0CD}
	EndGlobalSection
EndGlobal
